
Microsoft Visual Studio Solution File, Format Version 12.00
# Visual Studio Version 16
VisualStudioVersion = 16.0.31019.35
MinimumVisualStudioVersion = 10.0.40219.1
Project("{FAE04EC0-301F-11D3-BF4B-00C04F79EFBC}") = "WebApplication8", "WebApplication8\WebApplication8.csproj", "{2046602F-0E1A-4F93-A9BA-0E415951898C}"
EndProject
Global
	GlobalSection(SolutionConfigurationPlatforms) = preSolution
		Debug|Any CPU = Debug|Any CPU
		Release|Any CPU = Release|Any CPU
	EndGlobalSection
	GlobalSection(ProjectConfigurationPlatforms) = postSolution
		{2046602F-0E1A-4F93-A9BA-0E415951898C}.Debug|Any CPU.ActiveCfg = Debug|Any CPU
		{2046602F-0E1A-4F93-A9BA-0E415951898C}.Debug|Any CPU.Build.0 = Debug|Any CPU
		{2046602F-0E1A-4F93-A9BA-0E415951898C}.Release|Any CPU.ActiveCfg = Release|Any CPU
		{2046602F-0E1A-4F93-A9BA-0E415951898C}.Release|Any CPU.Build.0 = Release|Any CPU
	EndGlobalSection
	GlobalSection(SolutionProperties) = preSolution
		HideSolutionNode = FALSE
	EndGlobalSection
	GlobalSection(ExtensibilityGlobals) = postSolution
		SolutionGuid = {A171E724-34DF-47AD-B295-F74278A05260}
	EndGlobalSection
EndGlobal
